
Microsoft Visual Studio Solution File, Format Version 12.00
# Visual Studio Version 16
VisualStudioVersion = 16.0.30011.22
MinimumVisualStudioVersion = 10.0.40219.1
Project("{2150E333-8FDC-42A3-9474-1A3956D46DE8}") = "Algorithms", "Algorithms", "{836F7CD5-1F99-4F9A-90F6-6D2A458163F2}"
EndProject
Project("{2150E333-8FDC-42A3-9474-1A3956D46DE8}") = "Data Structures", "Data Structures", "{47230938-5F27-422A-8C61-A4A6C405B908}"
EndProject
Project("{2150E333-8FDC-42A3-9474-1A3956D46DE8}") = "Searching", "Searching", "{85B20BDB-7A35-44E6-9926-7136E03623CC}"
EndProject
Project("{2150E333-8FDC-42A3-9474-1A3956D46DE8}") = "Sorting", "Sorting", "{CF046192-67E3-4A36-BBCD-2245DDF6FA0C}"
EndProject
Project("{2150E333-8FDC-42A3-9474-1A3956D46DE8}") = "Advanced Algorithms", "Advanced Algorithms", "{CD67EC31-1EE8-4803-A000-AED874D08CBC}"
EndProject
Project("{2150E333-8FDC-42A3-9474-1A3956D46DE8}") = "Array", "Array", "{85C39198-42E5-4682-A789-49C4E75AC258}"
EndProject
Project("{2150E333-8FDC-42A3-9474-1A3956D46DE8}") = "List", "List", "{5EE7A5B7-667B-4454-8B60-95245F454E1A}"
EndProject
Project("{2150E333-8FDC-42A3-9474-1A3956D46DE8}") = "Stack", "Stack", "{7C6734A2-D192-4519-BCFF-92C81BD395B8}"
EndProject
Project("{2150E333-8FDC-42A3-9474-1A3956D46DE8}") = "Linear Data Structures", "Linear Data Structures", "{08647638-60D3-4ED8-BAE9-C0E97F302BDC}"
EndProject
Project("{2150E333-8FDC-42A3-9474-1A3956D46DE8}") = "Hierarchical Data Structures", "Hierarchical Data Structures", "{03D36D49-FD67-4312-B8DF-46539381B5A5}"
EndProject
Project("{2150E333-8FDC-42A3-9474-1A3956D46DE8}") = "Trees", "Trees", "{A1E49F3C-04D5-4635-8DD8-CDB33944E944}"
EndProject
Project("{2150E333-8FDC-42A3-9474-1A3956D46DE8}") = "Graphs", "Graphs", "{3044BD56-1EC0-4CEA-8458-4FCF457F78FD}"
EndProject
Project("{2150E333-8FDC-42A3-9474-1A3956D46DE8}") = "Hashing", "Hashing", "{78DF521A-1DDB-4A2C-A274-63ECCFE5F34C}"
EndProject
Project("{9A19103F-16F7-4668-BE54-9A1E7A4F7556}") = "Buble_Sort", "Buble_Sort\Buble_Sort.csproj", "{F03DCEF9-C3DB-4B90-9628-B83EBD34C4A7}"
EndProject
Project("{9A19103F-16F7-4668-BE54-9A1E7A4F7556}") = "Linear_Search", "Linear_Search\Linear_Search.csproj", "{2D00817E-E9B4-42F9-98A1-794DD4BD07AF}"
EndProject
Project("{2150E333-8FDC-42A3-9474-1A3956D46DE8}") = "Binary Tree", "Binary Tree", "{E4509584-3BD1-4E23-A6B3-75CAE1337B2C}"
EndProject
Project("{9A19103F-16F7-4668-BE54-9A1E7A4F7556}") = "Binary_Tree", "Binary_Tree\Binary_Tree.csproj", "{836D88FD-0AB6-4125-8C91-A5F07A470C11}"
EndProject
Project("{2150E333-8FDC-42A3-9474-1A3956D46DE8}") = "Recursion", "Recursion", "{4BB3C365-A316-490B-9966-75F8EEBF7B31}"
EndProject
Project("{9A19103F-16F7-4668-BE54-9A1E7A4F7556}") = "Binary_Search", "Binary_Search\Binary_Search.csproj", "{1BE30064-3BEB-4551-A21B-C06B90EB963F}"
EndProject
Project("{9A19103F-16F7-4668-BE54-9A1E7A4F7556}") = "BinaryTree_Horvick", "BinaryTree_Horvick\BinaryTree_Horvick.csproj", "{28372E59-E434-4A34-BE71-DB8643E28B88}"
EndProject
Project("{9A19103F-16F7-4668-BE54-9A1E7A4F7556}") = "Single_LinkedList_Horvick", "Single_LinkedList\Single_LinkedList_Horvick.csproj", "{77B0E8B0-7157-46A2-A29B-B7AAE8A460E1}"
EndProject
Project("{9A19103F-16F7-4668-BE54-9A1E7A4F7556}") = "Doubly_LinkedList_Horvick", "Doubly_LinkedList\Doubly_LinkedList_Horvick.csproj", "{C4EBB1CB-6DBF-42F6-86EA-D9EC4A3CF3DE}"
EndProject
Project("{9A19103F-16F7-4668-BE54-9A1E7A4F7556}") = "Stack_LinkedList", "Stack_Horvick\Stack_LinkedList.csproj", "{A56C8E68-580E-4000-9367-4C0444F96FBB}"
EndProject
Project("{9A19103F-16F7-4668-BE54-9A1E7A4F7556}") = "Stack_Array", "Stack_Array\Stack_Array.csproj", "{75A3C67C-929B-4893-AA35-D6A2305E96B1}"
EndProject
Project("{2150E333-8FDC-42A3-9474-1A3956D46DE8}") = "Queue", "Queue", "{DC79D054-93BB-4B3A-810C-8E90BCD43A61}"
EndProject
Project("{9A19103F-16F7-4668-BE54-9A1E7A4F7556}") = "Queue", "Queueu\Queue.csproj", "{B3C4D0DA-6623-4986-899D-C96F34D17C5C}"
EndProject
Project("{2150E333-8FDC-42A3-9474-1A3956D46DE8}") = "AVL Tree", "AVL Tree", "{89B757CB-753D-48D3-98A3-118E38DCBAAE}"
EndProject
Project("{9A19103F-16F7-4668-BE54-9A1E7A4F7556}") = "AVLTree", "AVLTree\AVLTree.csproj", "{AAB55775-F14D-4993-AB98-30078C7D3E1D}"
EndProject
Project("{2150E333-8FDC-42A3-9474-1A3956D46DE8}") = "ArrayList", "ArrayList", "{20B6EE10-F6F6-43F3-8ED4-0F941BC05AF3}"
EndProject
Project("{9A19103F-16F7-4668-BE54-9A1E7A4F7556}") = "Array_List", "Array_List\Array_List.csproj", "{6200F363-4A7F-4C24-A3AE-963B76E78487}"
EndProject
Project("{FAE04EC0-301F-11D3-BF4B-00C04F79EFBC}") = "Hash_Table", "Hash_Table\Hash_Table.csproj", "{1B35DE97-ADDA-4228-9103-7CF58DD29C6C}"
EndProject
Global
	GlobalSection(SolutionConfigurationPlatforms) = preSolution
		Debug|Any CPU = Debug|Any CPU
		Release|Any CPU = Release|Any CPU
	EndGlobalSection
	GlobalSection(ProjectConfigurationPlatforms) = postSolution
		{F03DCEF9-C3DB-4B90-9628-B83EBD34C4A7}.Debug|Any CPU.ActiveCfg = Debug|Any CPU
		{F03DCEF9-C3DB-4B90-9628-B83EBD34C4A7}.Debug|Any CPU.Build.0 = Debug|Any CPU
		{F03DCEF9-C3DB-4B90-9628-B83EBD34C4A7}.Release|Any CPU.ActiveCfg = Release|Any CPU
		{F03DCEF9-C3DB-4B90-9628-B83EBD34C4A7}.Release|Any CPU.Build.0 = Release|Any CPU
		{2D00817E-E9B4-42F9-98A1-794DD4BD07AF}.Debug|Any CPU.ActiveCfg = Debug|Any CPU
		{2D00817E-E9B4-42F9-98A1-794DD4BD07AF}.Debug|Any CPU.Build.0 = Debug|Any CPU
		{2D00817E-E9B4-42F9-98A1-794DD4BD07AF}.Release|Any CPU.ActiveCfg = Release|Any CPU
		{2D00817E-E9B4-42F9-98A1-794DD4BD07AF}.Release|Any CPU.Build.0 = Release|Any CPU
		{836D88FD-0AB6-4125-8C91-A5F07A470C11}.Debug|Any CPU.ActiveCfg = Debug|Any CPU
		{836D88FD-0AB6-4125-8C91-A5F07A470C11}.Debug|Any CPU.Build.0 = Debug|Any CPU
		{836D88FD-0AB6-4125-8C91-A5F07A470C11}.Release|Any CPU.ActiveCfg = Release|Any CPU
		{836D88FD-0AB6-4125-8C91-A5F07A470C11}.Release|Any CPU.Build.0 = Release|Any CPU
		{1BE30064-3BEB-4551-A21B-C06B90EB963F}.Debug|Any CPU.ActiveCfg = Debug|Any CPU
		{1BE30064-3BEB-4551-A21B-C06B90EB963F}.Debug|Any CPU.Build.0 = Debug|Any CPU
		{1BE30064-3BEB-4551-A21B-C06B90EB963F}.Release|Any CPU.ActiveCfg = Release|Any CPU
		{1BE30064-3BEB-4551-A21B-C06B90EB963F}.Release|Any CPU.Build.0 = Release|Any CPU
		{28372E59-E434-4A34-BE71-DB8643E28B88}.Debug|Any CPU.ActiveCfg = Debug|Any CPU
		{28372E59-E434-4A34-BE71-DB8643E28B88}.Debug|Any CPU.Build.0 = Debug|Any CPU
		{28372E59-E434-4A34-BE71-DB8643E28B88}.Release|Any CPU.ActiveCfg = Release|Any CPU
		{28372E59-E434-4A34-BE71-DB8643E28B88}.Release|Any CPU.Build.0 = Release|Any CPU
		{77B0E8B0-7157-46A2-A29B-B7AAE8A460E1}.Debug|Any CPU.ActiveCfg = Debug|Any CPU
		{77B0E8B0-7157-46A2-A29B-B7AAE8A460E1}.Debug|Any CPU.Build.0 = Debug|Any CPU
		{77B0E8B0-7157-46A2-A29B-B7AAE8A460E1}.Release|Any CPU.ActiveCfg = Release|Any CPU
		{77B0E8B0-7157-46A2-A29B-B7AAE8A460E1}.Release|Any CPU.Build.0 = Release|Any CPU
		{C4EBB1CB-6DBF-42F6-86EA-D9EC4A3CF3DE}.Debug|Any CPU.ActiveCfg = Debug|Any CPU
		{C4EBB1CB-6DBF-42F6-86EA-D9EC4A3CF3DE}.Debug|Any CPU.Build.0 = Debug|Any CPU
		{C4EBB1CB-6DBF-42F6-86EA-D9EC4A3CF3DE}.Release|Any CPU.ActiveCfg = Release|Any CPU
		{C4EBB1CB-6DBF-42F6-86EA-D9EC4A3CF3DE}.Release|Any CPU.Build.0 = Release|Any CPU
		{A56C8E68-580E-4000-9367-4C0444F96FBB}.Debug|Any CPU.ActiveCfg = Debug|Any CPU
		{A56C8E68-580E-4000-9367-4C0444F96FBB}.Debug|Any CPU.Build.0 = Debug|Any CPU
		{A56C8E68-580E-4000-9367-4C0444F96FBB}.Release|Any CPU.ActiveCfg = Release|Any CPU
		{A56C8E68-580E-4000-9367-4C0444F96FBB}.Release|Any CPU.Build.0 = Release|Any CPU
		{75A3C67C-929B-4893-AA35-D6A2305E96B1}.Debug|Any CPU.ActiveCfg = Debug|Any CPU
		{75A3C67C-929B-4893-AA35-D6A2305E96B1}.Debug|Any CPU.Build.0 = Debug|Any CPU
		{75A3C67C-929B-4893-AA35-D6A2305E96B1}.Release|Any CPU.ActiveCfg = Release|Any CPU
		{75A3C67C-929B-4893-AA35-D6A2305E96B1}.Release|Any CPU.Build.0 = Release|Any CPU
		{B3C4D0DA-6623-4986-899D-C96F34D17C5C}.Debug|Any CPU.ActiveCfg = Debug|Any CPU
		{B3C4D0DA-6623-4986-899D-C96F34D17C5C}.Debug|Any CPU.Build.0 = Debug|Any CPU
		{B3C4D0DA-6623-4986-899D-C96F34D17C5C}.Release|Any CPU.ActiveCfg = Release|Any CPU
		{B3C4D0DA-6623-4986-899D-C96F34D17C5C}.Release|Any CPU.Build.0 = Release|Any CPU
		{AAB55775-F14D-4993-AB98-30078C7D3E1D}.Debug|Any CPU.ActiveCfg = Debug|Any CPU
		{AAB55775-F14D-4993-AB98-30078C7D3E1D}.Debug|Any CPU.Build.0 = Debug|Any CPU
		{AAB55775-F14D-4993-AB98-30078C7D3E1D}.Release|Any CPU.ActiveCfg = Release|Any CPU
		{AAB55775-F14D-4993-AB98-30078C7D3E1D}.Release|Any CPU.Build.0 = Release|Any CPU
		{6200F363-4A7F-4C24-A3AE-963B76E78487}.Debug|Any CPU.ActiveCfg = Debug|Any CPU
		{6200F363-4A7F-4C24-A3AE-963B76E78487}.Debug|Any CPU.Build.0 = Debug|Any CPU
		{6200F363-4A7F-4C24-A3AE-963B76E78487}.Release|Any CPU.ActiveCfg = Release|Any CPU
		{6200F363-4A7F-4C24-A3AE-963B76E78487}.Release|Any CPU.Build.0 = Release|Any CPU
		{1B35DE97-ADDA-4228-9103-7CF58DD29C6C}.Debug|Any CPU.ActiveCfg = Debug|Any CPU
		{1B35DE97-ADDA-4228-9103-7CF58DD29C6C}.Debug|Any CPU.Build.0 = Debug|Any CPU
		{1B35DE97-ADDA-4228-9103-7CF58DD29C6C}.Release|Any CPU.ActiveCfg = Release|Any CPU
		{1B35DE97-ADDA-4228-9103-7CF58DD29C6C}.Release|Any CPU.Build.0 = Release|Any CPU
	EndGlobalSection
	GlobalSection(SolutionProperties) = preSolution
		HideSolutionNode = FALSE
	EndGlobalSection
	GlobalSection(NestedProjects) = preSolution
		{85B20BDB-7A35-44E6-9926-7136E03623CC} = {836F7CD5-1F99-4F9A-90F6-6D2A458163F2}
		{CF046192-67E3-4A36-BBCD-2245DDF6FA0C} = {836F7CD5-1F99-4F9A-90F6-6D2A458163F2}
		{CD67EC31-1EE8-4803-A000-AED874D08CBC} = {836F7CD5-1F99-4F9A-90F6-6D2A458163F2}
		{85C39198-42E5-4682-A789-49C4E75AC258} = {08647638-60D3-4ED8-BAE9-C0E97F302BDC}
		{5EE7A5B7-667B-4454-8B60-95245F454E1A} = {08647638-60D3-4ED8-BAE9-C0E97F302BDC}
		{7C6734A2-D192-4519-BCFF-92C81BD395B8} = {08647638-60D3-4ED8-BAE9-C0E97F302BDC}
		{08647638-60D3-4ED8-BAE9-C0E97F302BDC} = {47230938-5F27-422A-8C61-A4A6C405B908}
		{03D36D49-FD67-4312-B8DF-46539381B5A5} = {47230938-5F27-422A-8C61-A4A6C405B908}
		{A1E49F3C-04D5-4635-8DD8-CDB33944E944} = {03D36D49-FD67-4312-B8DF-46539381B5A5}
		{3044BD56-1EC0-4CEA-8458-4FCF457F78FD} = {03D36D49-FD67-4312-B8DF-46539381B5A5}
		{78DF521A-1DDB-4A2C-A274-63ECCFE5F34C} = {47230938-5F27-422A-8C61-A4A6C405B908}
		{F03DCEF9-C3DB-4B90-9628-B83EBD34C4A7} = {CF046192-67E3-4A36-BBCD-2245DDF6FA0C}
		{2D00817E-E9B4-42F9-98A1-794DD4BD07AF} = {85B20BDB-7A35-44E6-9926-7136E03623CC}
		{E4509584-3BD1-4E23-A6B3-75CAE1337B2C} = {A1E49F3C-04D5-4635-8DD8-CDB33944E944}
		{836D88FD-0AB6-4125-8C91-A5F07A470C11} = {E4509584-3BD1-4E23-A6B3-75CAE1337B2C}
		{4BB3C365-A316-490B-9966-75F8EEBF7B31} = {836F7CD5-1F99-4F9A-90F6-6D2A458163F2}
		{1BE30064-3BEB-4551-A21B-C06B90EB963F} = {85B20BDB-7A35-44E6-9926-7136E03623CC}
		{28372E59-E434-4A34-BE71-DB8643E28B88} = {E4509584-3BD1-4E23-A6B3-75CAE1337B2C}
		{77B0E8B0-7157-46A2-A29B-B7AAE8A460E1} = {5EE7A5B7-667B-4454-8B60-95245F454E1A}
		{C4EBB1CB-6DBF-42F6-86EA-D9EC4A3CF3DE} = {5EE7A5B7-667B-4454-8B60-95245F454E1A}
		{A56C8E68-580E-4000-9367-4C0444F96FBB} = {7C6734A2-D192-4519-BCFF-92C81BD395B8}
		{75A3C67C-929B-4893-AA35-D6A2305E96B1} = {7C6734A2-D192-4519-BCFF-92C81BD395B8}
		{DC79D054-93BB-4B3A-810C-8E90BCD43A61} = {08647638-60D3-4ED8-BAE9-C0E97F302BDC}
		{B3C4D0DA-6623-4986-899D-C96F34D17C5C} = {DC79D054-93BB-4B3A-810C-8E90BCD43A61}
		{89B757CB-753D-48D3-98A3-118E38DCBAAE} = {A1E49F3C-04D5-4635-8DD8-CDB33944E944}
		{AAB55775-F14D-4993-AB98-30078C7D3E1D} = {89B757CB-753D-48D3-98A3-118E38DCBAAE}
		{20B6EE10-F6F6-43F3-8ED4-0F941BC05AF3} = {08647638-60D3-4ED8-BAE9-C0E97F302BDC}
		{6200F363-4A7F-4C24-A3AE-963B76E78487} = {20B6EE10-F6F6-43F3-8ED4-0F941BC05AF3}
		{1B35DE97-ADDA-4228-9103-7CF58DD29C6C} = {78DF521A-1DDB-4A2C-A274-63ECCFE5F34C}
	EndGlobalSection
	GlobalSection(ExtensibilityGlobals) = postSolution
		SolutionGuid = {B82ACCFC-A764-4E1B-A239-38F10DB5E634}
	EndGlobalSection
EndGlobal
